
Microsoft Visual Studio Solution File, Format Version 12.00
# Visual Studio Version 16
VisualStudioVersion = 16.0.29123.88
MinimumVisualStudioVersion = 10.0.40219.1
Project("{FAE04EC0-301F-11D3-BF4B-00C04F79EFBC}") = "CadastroRegex", "CadastroRegex.csproj", "{9081FFFC-CDB1-439C-863E-6922F033B40B}"
EndProject
Global
	GlobalSection(SolutionConfigurationPlatforms) = preSolution
		Debug|Any CPU = Debug|Any CPU
		Release|Any CPU = Release|Any CPU
	EndGlobalSection
	GlobalSection(ProjectConfigurationPlatforms) = postSolution
		{9081FFFC-CDB1-439C-863E-6922F033B40B}.Debug|Any CPU.ActiveCfg = Debug|Any CPU
		{9081FFFC-CDB1-439C-863E-6922F033B40B}.Debug|Any CPU.Build.0 = Debug|Any CPU
		{9081FFFC-CDB1-439C-863E-6922F033B40B}.Release|Any CPU.ActiveCfg = Release|Any CPU
		{9081FFFC-CDB1-439C-863E-6922F033B40B}.Release|Any CPU.Build.0 = Release|Any CPU
	EndGlobalSection
	GlobalSection(SolutionProperties) = preSolution
		HideSolutionNode = FALSE
	EndGlobalSection
	GlobalSection(ExtensibilityGlobals) = postSolution
		SolutionGuid = {F7E8AAA9-59A2-43EC-A98A-2F3C661A201B}
	EndGlobalSection
EndGlobal
